// !$*UTF8*$!
{
	archiveVersion = 1;
	classes = {
	};
	objectVersion = 54;
	objects = {

/* Begin PBXBuildFile section */
		00E356F31AD99517003FC87E /* PAHMobileClientTests.m in Sources */ = {isa = PBXBuildFile; fileRef = 00E356F21AD99517003FC87E /* PAHMobileClientTests.m */; };
		0C80B921A6F3F58F76C31292 /* libPods-PAHMobileClient.a in Frameworks */ = {isa = PBXBuildFile; fileRef = 5DCACB8F33CDC322A6C60F78 /* libPods-PAHMobileClient.a */; };
		13B07FBC1A68108700A75B9A /* AppDelegate.mm in Sources */ = {isa = PBXBuildFile; fileRef = 13B07FB01A68108700A75B9A /* AppDelegate.mm */; };
		13B07FBF1A68108700A75B9A /* Images.xcassets in Resources */ = {isa = PBXBuildFile; fileRef = 13B07FB51A68108700A75B9A /* Images.xcassets */; };
		13B07FC11A68108700A75B9A /* main.m in Sources */ = {isa = PBXBuildFile; fileRef = 13B07FB71A68108700A75B9A /* main.m */; };
		7699B88040F8A987B510C191 /* libPods-PAHMobileClient-PAHMobileClientTests.a in Frameworks */ = {isa = PBXBuildFile; fileRef = 19F6CBCC0A4E27FBF8BF4A61 /* libPods-PAHMobileClient-PAHMobileClientTests.a */; };
		81AB9BB82411601600AC10FF /* LaunchScreen.storyboard in Resources */ = {isa = PBXBuildFile; fileRef = 81AB9BB72411601600AC10FF /* LaunchScreen.storyboard */; };
		5BBBF90EE35645C2AAF75891 /* OpenSans-Bold.ttf in Resources */ = {isa = PBXBuildFile; fileRef = 805A989C9A1049048A95A9C9 /* OpenSans-Bold.ttf */; };
		6CE9576F82B44EA1A0E03578 /* OpenSans-BoldItalic.ttf in Resources */ = {isa = PBXBuildFile; fileRef = FD6AC959FC0E434486CA850B /* OpenSans-BoldItalic.ttf */; };
		2405DDB4DD1E4810A4EC5BD0 /* OpenSans-ExtraBold.ttf in Resources */ = {isa = PBXBuildFile; fileRef = 61B83DAE89E04453A69B007B /* OpenSans-ExtraBold.ttf */; };
		ADA8BFE5535448EFAAD955F6 /* OpenSans-ExtraBoldItalic.ttf in Resources */ = {isa = PBXBuildFile; fileRef = 9374578014E24ACEAD0AB6C2 /* OpenSans-ExtraBoldItalic.ttf */; };
		3C5526231853404AB8CA73D1 /* OpenSans-Italic.ttf in Resources */ = {isa = PBXBuildFile; fileRef = BC7FF7519D474CA189DEB5EB /* OpenSans-Italic.ttf */; };
		E4EACEDD456E4CA389282569 /* OpenSans-Light.ttf in Resources */ = {isa = PBXBuildFile; fileRef = 17CE418F9F4C419FBD6975DD /* OpenSans-Light.ttf */; };
		DB4DC79B19AE48CF821315B8 /* OpenSans-LightItalic.ttf in Resources */ = {isa = PBXBuildFile; fileRef = 3D4E3DB974C24B7C935AEB48 /* OpenSans-LightItalic.ttf */; };
		A59A392C15A24A779A407737 /* OpenSans-Medium.ttf in Resources */ = {isa = PBXBuildFile; fileRef = 2FCB6002588A40A2B1AF5815 /* OpenSans-Medium.ttf */; };
		BFD4671B5AB744F1B6758E01 /* OpenSans-MediumItalic.ttf in Resources */ = {isa = PBXBuildFile; fileRef = 9CD46808BCDC492BAE101FFF /* OpenSans-MediumItalic.ttf */; };
		DD19869C6AF34AA48A8D1D25 /* OpenSans-Regular.ttf in Resources */ = {isa = PBXBuildFile; fileRef = E1DA51971DCC40E18ED3B59A /* OpenSans-Regular.ttf */; };
		3A3150E670DC411191508D45 /* OpenSans-SemiBold.ttf in Resources */ = {isa = PBXBuildFile; fileRef = B8D23C9E68B545C08851A4BE /* OpenSans-SemiBold.ttf */; };
		EF2CA14378474DC8B35167B0 /* OpenSans-SemiBoldItalic.ttf in Resources */ = {isa = PBXBuildFile; fileRef = 366515551CCF4B39ABCD9441 /* OpenSans-SemiBoldItalic.ttf */; };
		56378A4F2DE74F7DA5CC8733 /* OpenSans_Condensed-Bold.ttf in Resources */ = {isa = PBXBuildFile; fileRef = 1EA57EDCD52242008CBC20BF /* OpenSans_Condensed-Bold.ttf */; };
		4D972652B8444E26AA471DAC /* OpenSans_Condensed-BoldItalic.ttf in Resources */ = {isa = PBXBuildFile; fileRef = DFCC9AF7CCC64790ABBB0A74 /* OpenSans_Condensed-BoldItalic.ttf */; };
		E4F875BD0A194E20A821BA1E /* OpenSans_Condensed-ExtraBold.ttf in Resources */ = {isa = PBXBuildFile; fileRef = 82604604469E4943915696BA /* OpenSans_Condensed-ExtraBold.ttf */; };
		68D7E9B84D59425B9F508C65 /* OpenSans_Condensed-ExtraBoldItalic.ttf in Resources */ = {isa = PBXBuildFile; fileRef = 9C86DCF4E1EC4F1D94291143 /* OpenSans_Condensed-ExtraBoldItalic.ttf */; };
		0F89267F77184426A60CAF00 /* OpenSans_Condensed-Italic.ttf in Resources */ = {isa = PBXBuildFile; fileRef = 026C10EFFDE543D28758E9C4 /* OpenSans_Condensed-Italic.ttf */; };
		35C50509B75543D5B40D69D3 /* OpenSans_Condensed-Light.ttf in Resources */ = {isa = PBXBuildFile; fileRef = 19903951A8144574AD2B85ED /* OpenSans_Condensed-Light.ttf */; };
		ACA992E3223C43F3AB3AC6F4 /* OpenSans_Condensed-LightItalic.ttf in Resources */ = {isa = PBXBuildFile; fileRef = 1412D5EE40E942BDBE16EDA7 /* OpenSans_Condensed-LightItalic.ttf */; };
		099B9C2C70A94674897A8826 /* OpenSans_Condensed-Medium.ttf in Resources */ = {isa = PBXBuildFile; fileRef = 730FA19550F64D2DADAA8314 /* OpenSans_Condensed-Medium.ttf */; };
		2F40AD8351ED403E8611E587 /* OpenSans_Condensed-MediumItalic.ttf in Resources */ = {isa = PBXBuildFile; fileRef = ACA968FBFB6B4FED83B2AE39 /* OpenSans_Condensed-MediumItalic.ttf */; };
		292D1907A73C4D679710E59A /* OpenSans_Condensed-Regular.ttf in Resources */ = {isa = PBXBuildFile; fileRef = B1C15A2CF5324AB59C66D680 /* OpenSans_Condensed-Regular.ttf */; };
		A1594AB827FF4F5DB66EDA3E /* OpenSans_Condensed-SemiBold.ttf in Resources */ = {isa = PBXBuildFile; fileRef = 8BFCF1B2630C406CA5DBBD08 /* OpenSans_Condensed-SemiBold.ttf */; };
		AC192B9389294C8D9383B87D /* OpenSans_Condensed-SemiBoldItalic.ttf in Resources */ = {isa = PBXBuildFile; fileRef = 5F9168B438A04BB6AAE6A3E0 /* OpenSans_Condensed-SemiBoldItalic.ttf */; };
		71F2B6CA2A2548B780CA729E /* OpenSans_SemiCondensed-Bold.ttf in Resources */ = {isa = PBXBuildFile; fileRef = 5054E63F69AC4778BF811D85 /* OpenSans_SemiCondensed-Bold.ttf */; };
		05EB37E8645741539F7365F4 /* OpenSans_SemiCondensed-BoldItalic.ttf in Resources */ = {isa = PBXBuildFile; fileRef = C80DC999CCA4499F920346E7 /* OpenSans_SemiCondensed-BoldItalic.ttf */; };
		66B4E255E74B495BBF2D1167 /* OpenSans_SemiCondensed-ExtraBold.ttf in Resources */ = {isa = PBXBuildFile; fileRef = D94A5B8FFE124A2497817F11 /* OpenSans_SemiCondensed-ExtraBold.ttf */; };
		D4A06C78E66941F28AB550F5 /* OpenSans_SemiCondensed-ExtraBoldItalic.ttf in Resources */ = {isa = PBXBuildFile; fileRef = 9C434D65F0244605831EEA82 /* OpenSans_SemiCondensed-ExtraBoldItalic.ttf */; };
		A8188731F3F0436791BC6C64 /* OpenSans_SemiCondensed-Italic.ttf in Resources */ = {isa = PBXBuildFile; fileRef = B2382D5D56684D97A811ED7D /* OpenSans_SemiCondensed-Italic.ttf */; };
		986EDDDF1A854300A231D88E /* OpenSans_SemiCondensed-Light.ttf in Resources */ = {isa = PBXBuildFile; fileRef = BEE47ED3C3F44A7FAC415BA0 /* OpenSans_SemiCondensed-Light.ttf */; };
		B2D392DFB2C646CA99F38AE0 /* OpenSans_SemiCondensed-LightItalic.ttf in Resources */ = {isa = PBXBuildFile; fileRef = 2E77D6468E16431FB3128BA0 /* OpenSans_SemiCondensed-LightItalic.ttf */; };
		D93172F10387408F95992847 /* OpenSans_SemiCondensed-Medium.ttf in Resources */ = {isa = PBXBuildFile; fileRef = CC57D21E9AF74C66AAB5265E /* OpenSans_SemiCondensed-Medium.ttf */; };
		FFC970E812AE461D947BC1ED /* OpenSans_SemiCondensed-MediumItalic.ttf in Resources */ = {isa = PBXBuildFile; fileRef = 457F7FA3DDB94F69B0366F48 /* OpenSans_SemiCondensed-MediumItalic.ttf */; };
		E79D91BA043A4483B9C4F76A /* OpenSans_SemiCondensed-Regular.ttf in Resources */ = {isa = PBXBuildFile; fileRef = 3D4F0CFD86384B929E409E2E /* OpenSans_SemiCondensed-Regular.ttf */; };
		008666F685C04F17A4965873 /* OpenSans_SemiCondensed-SemiBold.ttf in Resources */ = {isa = PBXBuildFile; fileRef = A2FFBF3F8CCD442C8FBA5233 /* OpenSans_SemiCondensed-SemiBold.ttf */; };
		557D9A1C8550441495AF8E17 /* OpenSans_SemiCondensed-SemiBoldItalic.ttf in Resources */ = {isa = PBXBuildFile; fileRef = 973472E7BCBD4EF0B09F71F8 /* OpenSans_SemiCondensed-SemiBoldItalic.ttf */; };
/* End PBXBuildFile section */

/* Begin PBXContainerItemProxy section */
		00E356F41AD99517003FC87E /* PBXContainerItemProxy */ = {
			isa = PBXContainerItemProxy;
			containerPortal = 83CBB9F71A601CBA00E9B192 /* Project object */;
			proxyType = 1;
			remoteGlobalIDString = 13B07F861A680F5B00A75B9A;
			remoteInfo = PAHMobileClient;
		};
/* End PBXContainerItemProxy section */

/* Begin PBXFileReference section */
		00E356EE1AD99517003FC87E /* PAHMobileClientTests.xctest */ = {isa = PBXFileReference; explicitFileType = wrapper.cfbundle; includeInIndex = 0; path = PAHMobileClientTests.xctest; sourceTree = BUILT_PRODUCTS_DIR; };
		00E356F11AD99517003FC87E /* Info.plist */ = {isa = PBXFileReference; lastKnownFileType = text.plist.xml; path = Info.plist; sourceTree = "<group>"; };
		00E356F21AD99517003FC87E /* PAHMobileClientTests.m */ = {isa = PBXFileReference; lastKnownFileType = sourcecode.c.objc; path = PAHMobileClientTests.m; sourceTree = "<group>"; };
		13B07F961A680F5B00A75B9A /* PAHMobileClient.app */ = {isa = PBXFileReference; explicitFileType = wrapper.application; includeInIndex = 0; path = PAHMobileClient.app; sourceTree = BUILT_PRODUCTS_DIR; };
		13B07FAF1A68108700A75B9A /* AppDelegate.h */ = {isa = PBXFileReference; fileEncoding = 4; lastKnownFileType = sourcecode.c.h; name = AppDelegate.h; path = PAHMobileClient/AppDelegate.h; sourceTree = "<group>"; };
		13B07FB01A68108700A75B9A /* AppDelegate.mm */ = {isa = PBXFileReference; fileEncoding = 4; lastKnownFileType = sourcecode.cpp.objcpp; name = AppDelegate.mm; path = PAHMobileClient/AppDelegate.mm; sourceTree = "<group>"; };
		13B07FB51A68108700A75B9A /* Images.xcassets */ = {isa = PBXFileReference; lastKnownFileType = folder.assetcatalog; name = Images.xcassets; path = PAHMobileClient/Images.xcassets; sourceTree = "<group>"; };
		13B07FB61A68108700A75B9A /* Info.plist */ = {isa = PBXFileReference; fileEncoding = 4; lastKnownFileType = text.plist.xml; name = Info.plist; path = PAHMobileClient/Info.plist; sourceTree = "<group>"; };
		13B07FB71A68108700A75B9A /* main.m */ = {isa = PBXFileReference; fileEncoding = 4; lastKnownFileType = sourcecode.c.objc; name = main.m; path = PAHMobileClient/main.m; sourceTree = "<group>"; };
		19F6CBCC0A4E27FBF8BF4A61 /* libPods-PAHMobileClient-PAHMobileClientTests.a */ = {isa = PBXFileReference; explicitFileType = archive.ar; includeInIndex = 0; path = "libPods-PAHMobileClient-PAHMobileClientTests.a"; sourceTree = BUILT_PRODUCTS_DIR; };
		3B4392A12AC88292D35C810B /* Pods-PAHMobileClient.debug.xcconfig */ = {isa = PBXFileReference; includeInIndex = 1; lastKnownFileType = text.xcconfig; name = "Pods-PAHMobileClient.debug.xcconfig"; path = "Target Support Files/Pods-PAHMobileClient/Pods-PAHMobileClient.debug.xcconfig"; sourceTree = "<group>"; };
		5709B34CF0A7D63546082F79 /* Pods-PAHMobileClient.release.xcconfig */ = {isa = PBXFileReference; includeInIndex = 1; lastKnownFileType = text.xcconfig; name = "Pods-PAHMobileClient.release.xcconfig"; path = "Target Support Files/Pods-PAHMobileClient/Pods-PAHMobileClient.release.xcconfig"; sourceTree = "<group>"; };
		5B7EB9410499542E8C5724F5 /* Pods-PAHMobileClient-PAHMobileClientTests.debug.xcconfig */ = {isa = PBXFileReference; includeInIndex = 1; lastKnownFileType = text.xcconfig; name = "Pods-PAHMobileClient-PAHMobileClientTests.debug.xcconfig"; path = "Target Support Files/Pods-PAHMobileClient-PAHMobileClientTests/Pods-PAHMobileClient-PAHMobileClientTests.debug.xcconfig"; sourceTree = "<group>"; };
		5DCACB8F33CDC322A6C60F78 /* libPods-PAHMobileClient.a */ = {isa = PBXFileReference; explicitFileType = archive.ar; includeInIndex = 0; path = "libPods-PAHMobileClient.a"; sourceTree = BUILT_PRODUCTS_DIR; };
		81AB9BB72411601600AC10FF /* LaunchScreen.storyboard */ = {isa = PBXFileReference; fileEncoding = 4; lastKnownFileType = file.storyboard; name = LaunchScreen.storyboard; path = PAHMobileClient/LaunchScreen.storyboard; sourceTree = "<group>"; };
		89C6BE57DB24E9ADA2F236DE /* Pods-PAHMobileClient-PAHMobileClientTests.release.xcconfig */ = {isa = PBXFileReference; includeInIndex = 1; lastKnownFileType = text.xcconfig; name = "Pods-PAHMobileClient-PAHMobileClientTests.release.xcconfig"; path = "Target Support Files/Pods-PAHMobileClient-PAHMobileClientTests/Pods-PAHMobileClient-PAHMobileClientTests.release.xcconfig"; sourceTree = "<group>"; };
		ED297162215061F000B7C4FE /* JavaScriptCore.framework */ = {isa = PBXFileReference; lastKnownFileType = wrapper.framework; name = JavaScriptCore.framework; path = System/Library/Frameworks/JavaScriptCore.framework; sourceTree = SDKROOT; };
		805A989C9A1049048A95A9C9 /* OpenSans-Bold.ttf */ = {isa = PBXFileReference; name = "OpenSans-Bold.ttf"; path = "../assets/fonts/OpenSans-Bold.ttf"; sourceTree = "<group>"; fileEncoding = undefined; lastKnownFileType = unknown; explicitFileType = undefined; includeInIndex = 0; };
		FD6AC959FC0E434486CA850B /* OpenSans-BoldItalic.ttf */ = {isa = PBXFileReference; name = "OpenSans-BoldItalic.ttf"; path = "../assets/fonts/OpenSans-BoldItalic.ttf"; sourceTree = "<group>"; fileEncoding = undefined; lastKnownFileType = unknown; explicitFileType = undefined; includeInIndex = 0; };
		61B83DAE89E04453A69B007B /* OpenSans-ExtraBold.ttf */ = {isa = PBXFileReference; name = "OpenSans-ExtraBold.ttf"; path = "../assets/fonts/OpenSans-ExtraBold.ttf"; sourceTree = "<group>"; fileEncoding = undefined; lastKnownFileType = unknown; explicitFileType = undefined; includeInIndex = 0; };
		9374578014E24ACEAD0AB6C2 /* OpenSans-ExtraBoldItalic.ttf */ = {isa = PBXFileReference; name = "OpenSans-ExtraBoldItalic.ttf"; path = "../assets/fonts/OpenSans-ExtraBoldItalic.ttf"; sourceTree = "<group>"; fileEncoding = undefined; lastKnownFileType = unknown; explicitFileType = undefined; includeInIndex = 0; };
		BC7FF7519D474CA189DEB5EB /* OpenSans-Italic.ttf */ = {isa = PBXFileReference; name = "OpenSans-Italic.ttf"; path = "../assets/fonts/OpenSans-Italic.ttf"; sourceTree = "<group>"; fileEncoding = undefined; lastKnownFileType = unknown; explicitFileType = undefined; includeInIndex = 0; };
		17CE418F9F4C419FBD6975DD /* OpenSans-Light.ttf */ = {isa = PBXFileReference; name = "OpenSans-Light.ttf"; path = "../assets/fonts/OpenSans-Light.ttf"; sourceTree = "<group>"; fileEncoding = undefined; lastKnownFileType = unknown; explicitFileType = undefined; includeInIndex = 0; };
		3D4E3DB974C24B7C935AEB48 /* OpenSans-LightItalic.ttf */ = {isa = PBXFileReference; name = "OpenSans-LightItalic.ttf"; path = "../assets/fonts/OpenSans-LightItalic.ttf"; sourceTree = "<group>"; fileEncoding = undefined; lastKnownFileType = unknown; explicitFileType = undefined; includeInIndex = 0; };
		2FCB6002588A40A2B1AF5815 /* OpenSans-Medium.ttf */ = {isa = PBXFileReference; name = "OpenSans-Medium.ttf"; path = "../assets/fonts/OpenSans-Medium.ttf"; sourceTree = "<group>"; fileEncoding = undefined; lastKnownFileType = unknown; explicitFileType = undefined; includeInIndex = 0; };
		9CD46808BCDC492BAE101FFF /* OpenSans-MediumItalic.ttf */ = {isa = PBXFileReference; name = "OpenSans-MediumItalic.ttf"; path = "../assets/fonts/OpenSans-MediumItalic.ttf"; sourceTree = "<group>"; fileEncoding = undefined; lastKnownFileType = unknown; explicitFileType = undefined; includeInIndex = 0; };
		E1DA51971DCC40E18ED3B59A /* OpenSans-Regular.ttf */ = {isa = PBXFileReference; name = "OpenSans-Regular.ttf"; path = "../assets/fonts/OpenSans-Regular.ttf"; sourceTree = "<group>"; fileEncoding = undefined; lastKnownFileType = unknown; explicitFileType = undefined; includeInIndex = 0; };
		B8D23C9E68B545C08851A4BE /* OpenSans-SemiBold.ttf */ = {isa = PBXFileReference; name = "OpenSans-SemiBold.ttf"; path = "../assets/fonts/OpenSans-SemiBold.ttf"; sourceTree = "<group>"; fileEncoding = undefined; lastKnownFileType = unknown; explicitFileType = undefined; includeInIndex = 0; };
		366515551CCF4B39ABCD9441 /* OpenSans-SemiBoldItalic.ttf */ = {isa = PBXFileReference; name = "OpenSans-SemiBoldItalic.ttf"; path = "../assets/fonts/OpenSans-SemiBoldItalic.ttf"; sourceTree = "<group>"; fileEncoding = undefined; lastKnownFileType = unknown; explicitFileType = undefined; includeInIndex = 0; };
		1EA57EDCD52242008CBC20BF /* OpenSans_Condensed-Bold.ttf */ = {isa = PBXFileReference; name = "OpenSans_Condensed-Bold.ttf"; path = "../assets/fonts/OpenSans_Condensed-Bold.ttf"; sourceTree = "<group>"; fileEncoding = undefined; lastKnownFileType = unknown; explicitFileType = undefined; includeInIndex = 0; };
		DFCC9AF7CCC64790ABBB0A74 /* OpenSans_Condensed-BoldItalic.ttf */ = {isa = PBXFileReference; name = "OpenSans_Condensed-BoldItalic.ttf"; path = "../assets/fonts/OpenSans_Condensed-BoldItalic.ttf"; sourceTree = "<group>"; fileEncoding = undefined; lastKnownFileType = unknown; explicitFileType = undefined; includeInIndex = 0; };
		82604604469E4943915696BA /* OpenSans_Condensed-ExtraBold.ttf */ = {isa = PBXFileReference; name = "OpenSans_Condensed-ExtraBold.ttf"; path = "../assets/fonts/OpenSans_Condensed-ExtraBold.ttf"; sourceTree = "<group>"; fileEncoding = undefined; lastKnownFileType = unknown; explicitFileType = undefined; includeInIndex = 0; };
		9C86DCF4E1EC4F1D94291143 /* OpenSans_Condensed-ExtraBoldItalic.ttf */ = {isa = PBXFileReference; name = "OpenSans_Condensed-ExtraBoldItalic.ttf"; path = "../assets/fonts/OpenSans_Condensed-ExtraBoldItalic.ttf"; sourceTree = "<group>"; fileEncoding = undefined; lastKnownFileType = unknown; explicitFileType = undefined; includeInIndex = 0; };
		026C10EFFDE543D28758E9C4 /* OpenSans_Condensed-Italic.ttf */ = {isa = PBXFileReference; name = "OpenSans_Condensed-Italic.ttf"; path = "../assets/fonts/OpenSans_Condensed-Italic.ttf"; sourceTree = "<group>"; fileEncoding = undefined; lastKnownFileType = unknown; explicitFileType = undefined; includeInIndex = 0; };
		19903951A8144574AD2B85ED /* OpenSans_Condensed-Light.ttf */ = {isa = PBXFileReference; name = "OpenSans_Condensed-Light.ttf"; path = "../assets/fonts/OpenSans_Condensed-Light.ttf"; sourceTree = "<group>"; fileEncoding = undefined; lastKnownFileType = unknown; explicitFileType = undefined; includeInIndex = 0; };
		1412D5EE40E942BDBE16EDA7 /* OpenSans_Condensed-LightItalic.ttf */ = {isa = PBXFileReference; name = "OpenSans_Condensed-LightItalic.ttf"; path = "../assets/fonts/OpenSans_Condensed-LightItalic.ttf"; sourceTree = "<group>"; fileEncoding = undefined; lastKnownFileType = unknown; explicitFileType = undefined; includeInIndex = 0; };
		730FA19550F64D2DADAA8314 /* OpenSans_Condensed-Medium.ttf */ = {isa = PBXFileReference; name = "OpenSans_Condensed-Medium.ttf"; path = "../assets/fonts/OpenSans_Condensed-Medium.ttf"; sourceTree = "<group>"; fileEncoding = undefined; lastKnownFileType = unknown; explicitFileType = undefined; includeInIndex = 0; };
		ACA968FBFB6B4FED83B2AE39 /* OpenSans_Condensed-MediumItalic.ttf */ = {isa = PBXFileReference; name = "OpenSans_Condensed-MediumItalic.ttf"; path = "../assets/fonts/OpenSans_Condensed-MediumItalic.ttf"; sourceTree = "<group>"; fileEncoding = undefined; lastKnownFileType = unknown; explicitFileType = undefined; includeInIndex = 0; };
		B1C15A2CF5324AB59C66D680 /* OpenSans_Condensed-Regular.ttf */ = {isa = PBXFileReference; name = "OpenSans_Condensed-Regular.ttf"; path = "../assets/fonts/OpenSans_Condensed-Regular.ttf"; sourceTree = "<group>"; fileEncoding = undefined; lastKnownFileType = unknown; explicitFileType = undefined; includeInIndex = 0; };
		8BFCF1B2630C406CA5DBBD08 /* OpenSans_Condensed-SemiBold.ttf */ = {isa = PBXFileReference; name = "OpenSans_Condensed-SemiBold.ttf"; path = "../assets/fonts/OpenSans_Condensed-SemiBold.ttf"; sourceTree = "<group>"; fileEncoding = undefined; lastKnownFileType = unknown; explicitFileType = undefined; includeInIndex = 0; };
		5F9168B438A04BB6AAE6A3E0 /* OpenSans_Condensed-SemiBoldItalic.ttf */ = {isa = PBXFileReference; name = "OpenSans_Condensed-SemiBoldItalic.ttf"; path = "../assets/fonts/OpenSans_Condensed-SemiBoldItalic.ttf"; sourceTree = "<group>"; fileEncoding = undefined; lastKnownFileType = unknown; explicitFileType = undefined; includeInIndex = 0; };
		5054E63F69AC4778BF811D85 /* OpenSans_SemiCondensed-Bold.ttf */ = {isa = PBXFileReference; name = "OpenSans_SemiCondensed-Bold.ttf"; path = "../assets/fonts/OpenSans_SemiCondensed-Bold.ttf"; sourceTree = "<group>"; fileEncoding = undefined; lastKnownFileType = unknown; explicitFileType = undefined; includeInIndex = 0; };
		C80DC999CCA4499F920346E7 /* OpenSans_SemiCondensed-BoldItalic.ttf */ = {isa = PBXFileReference; name = "OpenSans_SemiCondensed-BoldItalic.ttf"; path = "../assets/fonts/OpenSans_SemiCondensed-BoldItalic.ttf"; sourceTree = "<group>"; fileEncoding = undefined; lastKnownFileType = unknown; explicitFileType = undefined; includeInIndex = 0; };
		D94A5B8FFE124A2497817F11 /* OpenSans_SemiCondensed-ExtraBold.ttf */ = {isa = PBXFileReference; name = "OpenSans_SemiCondensed-ExtraBold.ttf"; path = "../assets/fonts/OpenSans_SemiCondensed-ExtraBold.ttf"; sourceTree = "<group>"; fileEncoding = undefined; lastKnownFileType = unknown; explicitFileType = undefined; includeInIndex = 0; };
		9C434D65F0244605831EEA82 /* OpenSans_SemiCondensed-ExtraBoldItalic.ttf */ = {isa = PBXFileReference; name = "OpenSans_SemiCondensed-ExtraBoldItalic.ttf"; path = "../assets/fonts/OpenSans_SemiCondensed-ExtraBoldItalic.ttf"; sourceTree = "<group>"; fileEncoding = undefined; lastKnownFileType = unknown; explicitFileType = undefined; includeInIndex = 0; };
		B2382D5D56684D97A811ED7D /* OpenSans_SemiCondensed-Italic.ttf */ = {isa = PBXFileReference; name = "OpenSans_SemiCondensed-Italic.ttf"; path = "../assets/fonts/OpenSans_SemiCondensed-Italic.ttf"; sourceTree = "<group>"; fileEncoding = undefined; lastKnownFileType = unknown; explicitFileType = undefined; includeInIndex = 0; };
		BEE47ED3C3F44A7FAC415BA0 /* OpenSans_SemiCondensed-Light.ttf */ = {isa = PBXFileReference; name = "OpenSans_SemiCondensed-Light.ttf"; path = "../assets/fonts/OpenSans_SemiCondensed-Light.ttf"; sourceTree = "<group>"; fileEncoding = undefined; lastKnownFileType = unknown; explicitFileType = undefined; includeInIndex = 0; };
		2E77D6468E16431FB3128BA0 /* OpenSans_SemiCondensed-LightItalic.ttf */ = {isa = PBXFileReference; name = "OpenSans_SemiCondensed-LightItalic.ttf"; path = "../assets/fonts/OpenSans_SemiCondensed-LightItalic.ttf"; sourceTree = "<group>"; fileEncoding = undefined; lastKnownFileType = unknown; explicitFileType = undefined; includeInIndex = 0; };
		CC57D21E9AF74C66AAB5265E /* OpenSans_SemiCondensed-Medium.ttf */ = {isa = PBXFileReference; name = "OpenSans_SemiCondensed-Medium.ttf"; path = "../assets/fonts/OpenSans_SemiCondensed-Medium.ttf"; sourceTree = "<group>"; fileEncoding = undefined; lastKnownFileType = unknown; explicitFileType = undefined; includeInIndex = 0; };
		457F7FA3DDB94F69B0366F48 /* OpenSans_SemiCondensed-MediumItalic.ttf */ = {isa = PBXFileReference; name = "OpenSans_SemiCondensed-MediumItalic.ttf"; path = "../assets/fonts/OpenSans_SemiCondensed-MediumItalic.ttf"; sourceTree = "<group>"; fileEncoding = undefined; lastKnownFileType = unknown; explicitFileType = undefined; includeInIndex = 0; };
		3D4F0CFD86384B929E409E2E /* OpenSans_SemiCondensed-Regular.ttf */ = {isa = PBXFileReference; name = "OpenSans_SemiCondensed-Regular.ttf"; path = "../assets/fonts/OpenSans_SemiCondensed-Regular.ttf"; sourceTree = "<group>"; fileEncoding = undefined; lastKnownFileType = unknown; explicitFileType = undefined; includeInIndex = 0; };
		A2FFBF3F8CCD442C8FBA5233 /* OpenSans_SemiCondensed-SemiBold.ttf */ = {isa = PBXFileReference; name = "OpenSans_SemiCondensed-SemiBold.ttf"; path = "../assets/fonts/OpenSans_SemiCondensed-SemiBold.ttf"; sourceTree = "<group>"; fileEncoding = undefined; lastKnownFileType = unknown; explicitFileType = undefined; includeInIndex = 0; };
		973472E7BCBD4EF0B09F71F8 /* OpenSans_SemiCondensed-SemiBoldItalic.ttf */ = {isa = PBXFileReference; name = "OpenSans_SemiCondensed-SemiBoldItalic.ttf"; path = "../assets/fonts/OpenSans_SemiCondensed-SemiBoldItalic.ttf"; sourceTree = "<group>"; fileEncoding = undefined; lastKnownFileType = unknown; explicitFileType = undefined; includeInIndex = 0; };
/* End PBXFileReference section */

/* Begin PBXFrameworksBuildPhase section */
		00E356EB1AD99517003FC87E /* Frameworks */ = {
			isa = PBXFrameworksBuildPhase;
			buildActionMask = 2147483647;
			files = (
				7699B88040F8A987B510C191 /* libPods-PAHMobileClient-PAHMobileClientTests.a in Frameworks */,
			);
			runOnlyForDeploymentPostprocessing = 0;
		};
		13B07F8C1A680F5B00A75B9A /* Frameworks */ = {
			isa = PBXFrameworksBuildPhase;
			buildActionMask = 2147483647;
			files = (
				0C80B921A6F3F58F76C31292 /* libPods-PAHMobileClient.a in Frameworks */,
			);
			runOnlyForDeploymentPostprocessing = 0;
		};
/* End PBXFrameworksBuildPhase section */

/* Begin PBXGroup section */
		00E356EF1AD99517003FC87E /* PAHMobileClientTests */ = {
			isa = PBXGroup;
			children = (
				00E356F21AD99517003FC87E /* PAHMobileClientTests.m */,
				00E356F01AD99517003FC87E /* Supporting Files */,
			);
			path = PAHMobileClientTests;
			sourceTree = "<group>";
		};
		00E356F01AD99517003FC87E /* Supporting Files */ = {
			isa = PBXGroup;
			children = (
				00E356F11AD99517003FC87E /* Info.plist */,
			);
			name = "Supporting Files";
			sourceTree = "<group>";
		};
		13B07FAE1A68108700A75B9A /* PAHMobileClient */ = {
			isa = PBXGroup;
			children = (
				13B07FAF1A68108700A75B9A /* AppDelegate.h */,
				13B07FB01A68108700A75B9A /* AppDelegate.mm */,
				13B07FB51A68108700A75B9A /* Images.xcassets */,
				13B07FB61A68108700A75B9A /* Info.plist */,
				81AB9BB72411601600AC10FF /* LaunchScreen.storyboard */,
				13B07FB71A68108700A75B9A /* main.m */,
			);
			name = PAHMobileClient;
			sourceTree = "<group>";
		};
		2D16E6871FA4F8E400B85C8A /* Frameworks */ = {
			isa = PBXGroup;
			children = (
				ED297162215061F000B7C4FE /* JavaScriptCore.framework */,
				5DCACB8F33CDC322A6C60F78 /* libPods-PAHMobileClient.a */,
				19F6CBCC0A4E27FBF8BF4A61 /* libPods-PAHMobileClient-PAHMobileClientTests.a */,
			);
			name = Frameworks;
			sourceTree = "<group>";
		};
		832341AE1AAA6A7D00B99B32 /* Libraries */ = {
			isa = PBXGroup;
			children = (
			);
			name = Libraries;
			sourceTree = "<group>";
		};
		83CBB9F61A601CBA00E9B192 = {
			isa = PBXGroup;
			children = (
				13B07FAE1A68108700A75B9A /* PAHMobileClient */,
				832341AE1AAA6A7D00B99B32 /* Libraries */,
				00E356EF1AD99517003FC87E /* PAHMobileClientTests */,
				83CBBA001A601CBA00E9B192 /* Products */,
				2D16E6871FA4F8E400B85C8A /* Frameworks */,
				BBD78D7AC51CEA395F1C20DB /* Pods */,
				E935F14432B14212A604B1BB /* Resources */,
			);
			indentWidth = 2;
			sourceTree = "<group>";
			tabWidth = 2;
			usesTabs = 0;
		};
		83CBBA001A601CBA00E9B192 /* Products */ = {
			isa = PBXGroup;
			children = (
				13B07F961A680F5B00A75B9A /* PAHMobileClient.app */,
				00E356EE1AD99517003FC87E /* PAHMobileClientTests.xctest */,
			);
			name = Products;
			sourceTree = "<group>";
		};
		BBD78D7AC51CEA395F1C20DB /* Pods */ = {
			isa = PBXGroup;
			children = (
				3B4392A12AC88292D35C810B /* Pods-PAHMobileClient.debug.xcconfig */,
				5709B34CF0A7D63546082F79 /* Pods-PAHMobileClient.release.xcconfig */,
				5B7EB9410499542E8C5724F5 /* Pods-PAHMobileClient-PAHMobileClientTests.debug.xcconfig */,
				89C6BE57DB24E9ADA2F236DE /* Pods-PAHMobileClient-PAHMobileClientTests.release.xcconfig */,
			);
			path = Pods;
			sourceTree = "<group>";
		};
		E935F14432B14212A604B1BB /* Resources */ = {
			isa = "PBXGroup";
			children = (
				805A989C9A1049048A95A9C9 /* OpenSans-Bold.ttf */,
				FD6AC959FC0E434486CA850B /* OpenSans-BoldItalic.ttf */,
				61B83DAE89E04453A69B007B /* OpenSans-ExtraBold.ttf */,
				9374578014E24ACEAD0AB6C2 /* OpenSans-ExtraBoldItalic.ttf */,
				BC7FF7519D474CA189DEB5EB /* OpenSans-Italic.ttf */,
				17CE418F9F4C419FBD6975DD /* OpenSans-Light.ttf */,
				3D4E3DB974C24B7C935AEB48 /* OpenSans-LightItalic.ttf */,
				2FCB6002588A40A2B1AF5815 /* OpenSans-Medium.ttf */,
				9CD46808BCDC492BAE101FFF /* OpenSans-MediumItalic.ttf */,
				E1DA51971DCC40E18ED3B59A /* OpenSans-Regular.ttf */,
				B8D23C9E68B545C08851A4BE /* OpenSans-SemiBold.ttf */,
				366515551CCF4B39ABCD9441 /* OpenSans-SemiBoldItalic.ttf */,
				1EA57EDCD52242008CBC20BF /* OpenSans_Condensed-Bold.ttf */,
				DFCC9AF7CCC64790ABBB0A74 /* OpenSans_Condensed-BoldItalic.ttf */,
				82604604469E4943915696BA /* OpenSans_Condensed-ExtraBold.ttf */,
				9C86DCF4E1EC4F1D94291143 /* OpenSans_Condensed-ExtraBoldItalic.ttf */,
				026C10EFFDE543D28758E9C4 /* OpenSans_Condensed-Italic.ttf */,
				19903951A8144574AD2B85ED /* OpenSans_Condensed-Light.ttf */,
				1412D5EE40E942BDBE16EDA7 /* OpenSans_Condensed-LightItalic.ttf */,
				730FA19550F64D2DADAA8314 /* OpenSans_Condensed-Medium.ttf */,
				ACA968FBFB6B4FED83B2AE39 /* OpenSans_Condensed-MediumItalic.ttf */,
				B1C15A2CF5324AB59C66D680 /* OpenSans_Condensed-Regular.ttf */,
				8BFCF1B2630C406CA5DBBD08 /* OpenSans_Condensed-SemiBold.ttf */,
				5F9168B438A04BB6AAE6A3E0 /* OpenSans_Condensed-SemiBoldItalic.ttf */,
				5054E63F69AC4778BF811D85 /* OpenSans_SemiCondensed-Bold.ttf */,
				C80DC999CCA4499F920346E7 /* OpenSans_SemiCondensed-BoldItalic.ttf */,
				D94A5B8FFE124A2497817F11 /* OpenSans_SemiCondensed-ExtraBold.ttf */,
				9C434D65F0244605831EEA82 /* OpenSans_SemiCondensed-ExtraBoldItalic.ttf */,
				B2382D5D56684D97A811ED7D /* OpenSans_SemiCondensed-Italic.ttf */,
				BEE47ED3C3F44A7FAC415BA0 /* OpenSans_SemiCondensed-Light.ttf */,
				2E77D6468E16431FB3128BA0 /* OpenSans_SemiCondensed-LightItalic.ttf */,
				CC57D21E9AF74C66AAB5265E /* OpenSans_SemiCondensed-Medium.ttf */,
				457F7FA3DDB94F69B0366F48 /* OpenSans_SemiCondensed-MediumItalic.ttf */,
				3D4F0CFD86384B929E409E2E /* OpenSans_SemiCondensed-Regular.ttf */,
				A2FFBF3F8CCD442C8FBA5233 /* OpenSans_SemiCondensed-SemiBold.ttf */,
				973472E7BCBD4EF0B09F71F8 /* OpenSans_SemiCondensed-SemiBoldItalic.ttf */,
			);
			name = Resources;
			sourceTree = "<group>";
			path = "";
		};
/* End PBXGroup section */

/* Begin PBXNativeTarget section */
		00E356ED1AD99517003FC87E /* PAHMobileClientTests */ = {
			isa = PBXNativeTarget;
			buildConfigurationList = 00E357021AD99517003FC87E /* Build configuration list for PBXNativeTarget "PAHMobileClientTests" */;
			buildPhases = (
				A55EABD7B0C7F3A422A6CC61 /* [CP] Check Pods Manifest.lock */,
				00E356EA1AD99517003FC87E /* Sources */,
				00E356EB1AD99517003FC87E /* Frameworks */,
				00E356EC1AD99517003FC87E /* Resources */,
				C59DA0FBD6956966B86A3779 /* [CP] Embed Pods Frameworks */,
				F6A41C54EA430FDDC6A6ED99 /* [CP] Copy Pods Resources */,
			);
			buildRules = (
			);
			dependencies = (
				00E356F51AD99517003FC87E /* PBXTargetDependency */,
			);
			name = PAHMobileClientTests;
			productName = PAHMobileClientTests;
			productReference = 00E356EE1AD99517003FC87E /* PAHMobileClientTests.xctest */;
			productType = "com.apple.product-type.bundle.unit-test";
		};
		13B07F861A680F5B00A75B9A /* PAHMobileClient */ = {
			isa = PBXNativeTarget;
			buildConfigurationList = 13B07F931A680F5B00A75B9A /* Build configuration list for PBXNativeTarget "PAHMobileClient" */;
			buildPhases = (
				C38B50BA6285516D6DCD4F65 /* [CP] Check Pods Manifest.lock */,
				FD10A7F022414F080027D42C /* Start Packager */,
				13B07F871A680F5B00A75B9A /* Sources */,
				13B07F8C1A680F5B00A75B9A /* Frameworks */,
				13B07F8E1A680F5B00A75B9A /* Resources */,
				00DD1BFF1BD5951E006B06BC /* Bundle React Native code and images */,
				00EEFC60759A1932668264C0 /* [CP] Embed Pods Frameworks */,
				E235C05ADACE081382539298 /* [CP] Copy Pods Resources */,
			);
			buildRules = (
			);
			dependencies = (
			);
			name = PAHMobileClient;
			productName = PAHMobileClient;
			productReference = 13B07F961A680F5B00A75B9A /* PAHMobileClient.app */;
			productType = "com.apple.product-type.application";
		};
/* End PBXNativeTarget section */

/* Begin PBXProject section */
		83CBB9F71A601CBA00E9B192 /* Project object */ = {
			isa = PBXProject;
			attributes = {
				LastUpgradeCheck = 1210;
				TargetAttributes = {
					00E356ED1AD99517003FC87E = {
						CreatedOnToolsVersion = 6.2;
						TestTargetID = 13B07F861A680F5B00A75B9A;
					};
					13B07F861A680F5B00A75B9A = {
						LastSwiftMigration = 1120;
					};
				};
			};
			buildConfigurationList = 83CBB9FA1A601CBA00E9B192 /* Build configuration list for PBXProject "PAHMobileClient" */;
			compatibilityVersion = "Xcode 12.0";
			developmentRegion = en;
			hasScannedForEncodings = 0;
			knownRegions = (
				en,
				Base,
			);
			mainGroup = 83CBB9F61A601CBA00E9B192;
			productRefGroup = 83CBBA001A601CBA00E9B192 /* Products */;
			projectDirPath = "";
			projectRoot = "";
			targets = (
				13B07F861A680F5B00A75B9A /* PAHMobileClient */,
				00E356ED1AD99517003FC87E /* PAHMobileClientTests */,
			);
		};
/* End PBXProject section */

/* Begin PBXResourcesBuildPhase section */
		00E356EC1AD99517003FC87E /* Resources */ = {
			isa = PBXResourcesBuildPhase;
			buildActionMask = 2147483647;
			files = (
			);
			runOnlyForDeploymentPostprocessing = 0;
		};
		13B07F8E1A680F5B00A75B9A /* Resources */ = {
			isa = PBXResourcesBuildPhase;
			buildActionMask = 2147483647;
			files = (
				81AB9BB82411601600AC10FF /* LaunchScreen.storyboard in Resources */,
				13B07FBF1A68108700A75B9A /* Images.xcassets in Resources */,
				5BBBF90EE35645C2AAF75891 /* OpenSans-Bold.ttf in Resources */,
				6CE9576F82B44EA1A0E03578 /* OpenSans-BoldItalic.ttf in Resources */,
				2405DDB4DD1E4810A4EC5BD0 /* OpenSans-ExtraBold.ttf in Resources */,
				ADA8BFE5535448EFAAD955F6 /* OpenSans-ExtraBoldItalic.ttf in Resources */,
				3C5526231853404AB8CA73D1 /* OpenSans-Italic.ttf in Resources */,
				E4EACEDD456E4CA389282569 /* OpenSans-Light.ttf in Resources */,
				DB4DC79B19AE48CF821315B8 /* OpenSans-LightItalic.ttf in Resources */,
				A59A392C15A24A779A407737 /* OpenSans-Medium.ttf in Resources */,
				BFD4671B5AB744F1B6758E01 /* OpenSans-MediumItalic.ttf in Resources */,
				DD19869C6AF34AA48A8D1D25 /* OpenSans-Regular.ttf in Resources */,
				3A3150E670DC411191508D45 /* OpenSans-SemiBold.ttf in Resources */,
				EF2CA14378474DC8B35167B0 /* OpenSans-SemiBoldItalic.ttf in Resources */,
				56378A4F2DE74F7DA5CC8733 /* OpenSans_Condensed-Bold.ttf in Resources */,
				4D972652B8444E26AA471DAC /* OpenSans_Condensed-BoldItalic.ttf in Resources */,
				E4F875BD0A194E20A821BA1E /* OpenSans_Condensed-ExtraBold.ttf in Resources */,
				68D7E9B84D59425B9F508C65 /* OpenSans_Condensed-ExtraBoldItalic.ttf in Resources */,
				0F89267F77184426A60CAF00 /* OpenSans_Condensed-Italic.ttf in Resources */,
				35C50509B75543D5B40D69D3 /* OpenSans_Condensed-Light.ttf in Resources */,
				ACA992E3223C43F3AB3AC6F4 /* OpenSans_Condensed-LightItalic.ttf in Resources */,
				099B9C2C70A94674897A8826 /* OpenSans_Condensed-Medium.ttf in Resources */,
				2F40AD8351ED403E8611E587 /* OpenSans_Condensed-MediumItalic.ttf in Resources */,
				292D1907A73C4D679710E59A /* OpenSans_Condensed-Regular.ttf in Resources */,
				A1594AB827FF4F5DB66EDA3E /* OpenSans_Condensed-SemiBold.ttf in Resources */,
				AC192B9389294C8D9383B87D /* OpenSans_Condensed-SemiBoldItalic.ttf in Resources */,
				71F2B6CA2A2548B780CA729E /* OpenSans_SemiCondensed-Bold.ttf in Resources */,
				05EB37E8645741539F7365F4 /* OpenSans_SemiCondensed-BoldItalic.ttf in Resources */,
				66B4E255E74B495BBF2D1167 /* OpenSans_SemiCondensed-ExtraBold.ttf in Resources */,
				D4A06C78E66941F28AB550F5 /* OpenSans_SemiCondensed-ExtraBoldItalic.ttf in Resources */,
				A8188731F3F0436791BC6C64 /* OpenSans_SemiCondensed-Italic.ttf in Resources */,
				986EDDDF1A854300A231D88E /* OpenSans_SemiCondensed-Light.ttf in Resources */,
				B2D392DFB2C646CA99F38AE0 /* OpenSans_SemiCondensed-LightItalic.ttf in Resources */,
				D93172F10387408F95992847 /* OpenSans_SemiCondensed-Medium.ttf in Resources */,
				FFC970E812AE461D947BC1ED /* OpenSans_SemiCondensed-MediumItalic.ttf in Resources */,
				E79D91BA043A4483B9C4F76A /* OpenSans_SemiCondensed-Regular.ttf in Resources */,
				008666F685C04F17A4965873 /* OpenSans_SemiCondensed-SemiBold.ttf in Resources */,
				557D9A1C8550441495AF8E17 /* OpenSans_SemiCondensed-SemiBoldItalic.ttf in Resources */,
			);
			runOnlyForDeploymentPostprocessing = 0;
		};
/* End PBXResourcesBuildPhase section */

/* Begin PBXShellScriptBuildPhase section */
		00DD1BFF1BD5951E006B06BC /* Bundle React Native code and images */ = {
			isa = PBXShellScriptBuildPhase;
			buildActionMask = 2147483647;
			files = (
			);
			inputPaths = (
				"$(SRCROOT)/.xcode.env.local",
				"$(SRCROOT)/.xcode.env",
			);
			name = "Bundle React Native code and images";
			outputPaths = (
			);
			runOnlyForDeploymentPostprocessing = 0;
			shellPath = /bin/sh;
			shellScript = "set -e\n\nWITH_ENVIRONMENT=\"../node_modules/react-native/scripts/xcode/with-environment.sh\"\nREACT_NATIVE_XCODE=\"../node_modules/react-native/scripts/react-native-xcode.sh\"\n\n/bin/sh -c \"$WITH_ENVIRONMENT $REACT_NATIVE_XCODE\"\n";
		};
		00EEFC60759A1932668264C0 /* [CP] Embed Pods Frameworks */ = {
			isa = PBXShellScriptBuildPhase;
			buildActionMask = 2147483647;
			files = (
			);
			inputFileListPaths = (
				"${PODS_ROOT}/Target Support Files/Pods-PAHMobileClient/Pods-PAHMobileClient-frameworks-${CONFIGURATION}-input-files.xcfilelist",
			);
			name = "[CP] Embed Pods Frameworks";
			outputFileListPaths = (
				"${PODS_ROOT}/Target Support Files/Pods-PAHMobileClient/Pods-PAHMobileClient-frameworks-${CONFIGURATION}-output-files.xcfilelist",
			);
			runOnlyForDeploymentPostprocessing = 0;
			shellPath = /bin/sh;
			shellScript = "\"${PODS_ROOT}/Target Support Files/Pods-PAHMobileClient/Pods-PAHMobileClient-frameworks.sh\"\n";
			showEnvVarsInLog = 0;
		};
		A55EABD7B0C7F3A422A6CC61 /* [CP] Check Pods Manifest.lock */ = {
			isa = PBXShellScriptBuildPhase;
			buildActionMask = 2147483647;
			files = (
			);
			inputFileListPaths = (
			);
			inputPaths = (
				"${PODS_PODFILE_DIR_PATH}/Podfile.lock",
				"${PODS_ROOT}/Manifest.lock",
			);
			name = "[CP] Check Pods Manifest.lock";
			outputFileListPaths = (
			);
			outputPaths = (
				"$(DERIVED_FILE_DIR)/Pods-PAHMobileClient-PAHMobileClientTests-checkManifestLockResult.txt",
			);
			runOnlyForDeploymentPostprocessing = 0;
			shellPath = /bin/sh;
			shellScript = "diff \"${PODS_PODFILE_DIR_PATH}/Podfile.lock\" \"${PODS_ROOT}/Manifest.lock\" > /dev/null\nif [ $? != 0 ] ; then\n    # print error to STDERR\n    echo \"error: The sandbox is not in sync with the Podfile.lock. Run 'pod install' or update your CocoaPods installation.\" >&2\n    exit 1\nfi\n# This output is used by Xcode 'outputs' to avoid re-running this script phase.\necho \"SUCCESS\" > \"${SCRIPT_OUTPUT_FILE_0}\"\n";
			showEnvVarsInLog = 0;
		};
		C38B50BA6285516D6DCD4F65 /* [CP] Check Pods Manifest.lock */ = {
			isa = PBXShellScriptBuildPhase;
			buildActionMask = 2147483647;
			files = (
			);
			inputFileListPaths = (
			);
			inputPaths = (
				"${PODS_PODFILE_DIR_PATH}/Podfile.lock",
				"${PODS_ROOT}/Manifest.lock",
			);
			name = "[CP] Check Pods Manifest.lock";
			outputFileListPaths = (
			);
			outputPaths = (
				"$(DERIVED_FILE_DIR)/Pods-PAHMobileClient-checkManifestLockResult.txt",
			);
			runOnlyForDeploymentPostprocessing = 0;
			shellPath = /bin/sh;
			shellScript = "diff \"${PODS_PODFILE_DIR_PATH}/Podfile.lock\" \"${PODS_ROOT}/Manifest.lock\" > /dev/null\nif [ $? != 0 ] ; then\n    # print error to STDERR\n    echo \"error: The sandbox is not in sync with the Podfile.lock. Run 'pod install' or update your CocoaPods installation.\" >&2\n    exit 1\nfi\n# This output is used by Xcode 'outputs' to avoid re-running this script phase.\necho \"SUCCESS\" > \"${SCRIPT_OUTPUT_FILE_0}\"\n";
			showEnvVarsInLog = 0;
		};
		C59DA0FBD6956966B86A3779 /* [CP] Embed Pods Frameworks */ = {
			isa = PBXShellScriptBuildPhase;
			buildActionMask = 2147483647;
			files = (
			);
			inputFileListPaths = (
				"${PODS_ROOT}/Target Support Files/Pods-PAHMobileClient-PAHMobileClientTests/Pods-PAHMobileClient-PAHMobileClientTests-frameworks-${CONFIGURATION}-input-files.xcfilelist",
			);
			name = "[CP] Embed Pods Frameworks";
			outputFileListPaths = (
				"${PODS_ROOT}/Target Support Files/Pods-PAHMobileClient-PAHMobileClientTests/Pods-PAHMobileClient-PAHMobileClientTests-frameworks-${CONFIGURATION}-output-files.xcfilelist",
			);
			runOnlyForDeploymentPostprocessing = 0;
			shellPath = /bin/sh;
			shellScript = "\"${PODS_ROOT}/Target Support Files/Pods-PAHMobileClient-PAHMobileClientTests/Pods-PAHMobileClient-PAHMobileClientTests-frameworks.sh\"\n";
			showEnvVarsInLog = 0;
		};
		E235C05ADACE081382539298 /* [CP] Copy Pods Resources */ = {
			isa = PBXShellScriptBuildPhase;
			buildActionMask = 2147483647;
			files = (
			);
			inputFileListPaths = (
				"${PODS_ROOT}/Target Support Files/Pods-PAHMobileClient/Pods-PAHMobileClient-resources-${CONFIGURATION}-input-files.xcfilelist",
			);
			name = "[CP] Copy Pods Resources";
			outputFileListPaths = (
				"${PODS_ROOT}/Target Support Files/Pods-PAHMobileClient/Pods-PAHMobileClient-resources-${CONFIGURATION}-output-files.xcfilelist",
			);
			runOnlyForDeploymentPostprocessing = 0;
			shellPath = /bin/sh;
			shellScript = "\"${PODS_ROOT}/Target Support Files/Pods-PAHMobileClient/Pods-PAHMobileClient-resources.sh\"\n";
			showEnvVarsInLog = 0;
		};
		F6A41C54EA430FDDC6A6ED99 /* [CP] Copy Pods Resources */ = {
			isa = PBXShellScriptBuildPhase;
			buildActionMask = 2147483647;
			files = (
			);
			inputFileListPaths = (
				"${PODS_ROOT}/Target Support Files/Pods-PAHMobileClient-PAHMobileClientTests/Pods-PAHMobileClient-PAHMobileClientTests-resources-${CONFIGURATION}-input-files.xcfilelist",
			);
			name = "[CP] Copy Pods Resources";
			outputFileListPaths = (
				"${PODS_ROOT}/Target Support Files/Pods-PAHMobileClient-PAHMobileClientTests/Pods-PAHMobileClient-PAHMobileClientTests-resources-${CONFIGURATION}-output-files.xcfilelist",
			);
			runOnlyForDeploymentPostprocessing = 0;
			shellPath = /bin/sh;
			shellScript = "\"${PODS_ROOT}/Target Support Files/Pods-PAHMobileClient-PAHMobileClientTests/Pods-PAHMobileClient-PAHMobileClientTests-resources.sh\"\n";
			showEnvVarsInLog = 0;
		};
		FD10A7F022414F080027D42C /* Start Packager */ = {
			isa = PBXShellScriptBuildPhase;
			buildActionMask = 2147483647;
			files = (
			);
			inputFileListPaths = (
			);
			inputPaths = (
			);
			name = "Start Packager";
			outputFileListPaths = (
			);
			outputPaths = (
			);
			runOnlyForDeploymentPostprocessing = 0;
			shellPath = /bin/sh;
			shellScript = "export RCT_METRO_PORT=\"${RCT_METRO_PORT:=8081}\"\necho \"export RCT_METRO_PORT=${RCT_METRO_PORT}\" > \"${SRCROOT}/../node_modules/react-native/scripts/.packager.env\"\nif [ -z \"${RCT_NO_LAUNCH_PACKAGER+xxx}\" ] ; then\n  if nc -w 5 -z localhost ${RCT_METRO_PORT} ; then\n    if ! curl -s \"http://localhost:${RCT_METRO_PORT}/status\" | grep -q \"packager-status:running\" ; then\n      echo \"Port ${RCT_METRO_PORT} already in use, packager is either not running or not running correctly\"\n      exit 2\n    fi\n  else\n    open \"$SRCROOT/../node_modules/react-native/scripts/launchPackager.command\" || echo \"Can't start packager automatically\"\n  fi\nfi\n";
			showEnvVarsInLog = 0;
		};
/* End PBXShellScriptBuildPhase section */

/* Begin PBXSourcesBuildPhase section */
		00E356EA1AD99517003FC87E /* Sources */ = {
			isa = PBXSourcesBuildPhase;
			buildActionMask = 2147483647;
			files = (
				00E356F31AD99517003FC87E /* PAHMobileClientTests.m in Sources */,
			);
			runOnlyForDeploymentPostprocessing = 0;
		};
		13B07F871A680F5B00A75B9A /* Sources */ = {
			isa = PBXSourcesBuildPhase;
			buildActionMask = 2147483647;
			files = (
				13B07FBC1A68108700A75B9A /* AppDelegate.mm in Sources */,
				13B07FC11A68108700A75B9A /* main.m in Sources */,
			);
			runOnlyForDeploymentPostprocessing = 0;
		};
/* End PBXSourcesBuildPhase section */

/* Begin PBXTargetDependency section */
		00E356F51AD99517003FC87E /* PBXTargetDependency */ = {
			isa = PBXTargetDependency;
			target = 13B07F861A680F5B00A75B9A /* PAHMobileClient */;
			targetProxy = 00E356F41AD99517003FC87E /* PBXContainerItemProxy */;
		};
/* End PBXTargetDependency section */

/* Begin XCBuildConfiguration section */
		00E356F61AD99517003FC87E /* Debug */ = {
			isa = XCBuildConfiguration;
			baseConfigurationReference = 5B7EB9410499542E8C5724F5 /* Pods-PAHMobileClient-PAHMobileClientTests.debug.xcconfig */;
			buildSettings = {
				BUNDLE_LOADER = "$(TEST_HOST)";
				GCC_PREPROCESSOR_DEFINITIONS = (
					"DEBUG=1",
					"$(inherited)",
				);
				INFOPLIST_FILE = PAHMobileClientTests/Info.plist;
				IPHONEOS_DEPLOYMENT_TARGET = 12.4;
				LD_RUNPATH_SEARCH_PATHS = (
					"$(inherited)",
					"@executable_path/Frameworks",
					"@loader_path/Frameworks",
				);
				OTHER_LDFLAGS = (
					"-ObjC",
					"-lc++",
					"$(inherited)",
				);
				PRODUCT_BUNDLE_IDENTIFIER = "org.reactjs.native.example.$(PRODUCT_NAME:rfc1034identifier)";
				PRODUCT_NAME = "$(TARGET_NAME)";
				TEST_HOST = "$(BUILT_PRODUCTS_DIR)/PAHMobileClient.app/PAHMobileClient";
			};
			name = Debug;
		};
		00E356F71AD99517003FC87E /* Release */ = {
			isa = XCBuildConfiguration;
			baseConfigurationReference = 89C6BE57DB24E9ADA2F236DE /* Pods-PAHMobileClient-PAHMobileClientTests.release.xcconfig */;
			buildSettings = {
				BUNDLE_LOADER = "$(TEST_HOST)";
				COPY_PHASE_STRIP = NO;
				INFOPLIST_FILE = PAHMobileClientTests/Info.plist;
				IPHONEOS_DEPLOYMENT_TARGET = 12.4;
				LD_RUNPATH_SEARCH_PATHS = (
					"$(inherited)",
					"@executable_path/Frameworks",
					"@loader_path/Frameworks",
				);
				OTHER_LDFLAGS = (
					"-ObjC",
					"-lc++",
					"$(inherited)",
				);
				PRODUCT_BUNDLE_IDENTIFIER = "org.reactjs.native.example.$(PRODUCT_NAME:rfc1034identifier)";
				PRODUCT_NAME = "$(TARGET_NAME)";
				TEST_HOST = "$(BUILT_PRODUCTS_DIR)/PAHMobileClient.app/PAHMobileClient";
			};
			name = Release;
		};
		13B07F941A680F5B00A75B9A /* Debug */ = {
			isa = XCBuildConfiguration;
			baseConfigurationReference = 3B4392A12AC88292D35C810B /* Pods-PAHMobileClient.debug.xcconfig */;
			buildSettings = {
				ASSETCATALOG_COMPILER_APPICON_NAME = AppIcon;
				CLANG_ENABLE_MODULES = YES;
				CURRENT_PROJECT_VERSION = 1;
				ENABLE_BITCODE = NO;
				INFOPLIST_FILE = PAHMobileClient/Info.plist;
				LD_RUNPATH_SEARCH_PATHS = (
					"$(inherited)",
					"@executable_path/Frameworks",
				);
				MARKETING_VERSION = 1.0;
				OTHER_LDFLAGS = (
					"$(inherited)",
					"-ObjC",
					"-lc++",
				);
				PRODUCT_BUNDLE_IDENTIFIER = "org.reactjs.native.example.$(PRODUCT_NAME:rfc1034identifier)";
				PRODUCT_NAME = PAHMobileClient;
				SWIFT_OPTIMIZATION_LEVEL = "-Onone";
				SWIFT_VERSION = 5.0;
				VERSIONING_SYSTEM = "apple-generic";
			};
			name = Debug;
		};
		13B07F951A680F5B00A75B9A /* Release */ = {
			isa = XCBuildConfiguration;
			baseConfigurationReference = 5709B34CF0A7D63546082F79 /* Pods-PAHMobileClient.release.xcconfig */;
			buildSettings = {
				ASSETCATALOG_COMPILER_APPICON_NAME = AppIcon;
				CLANG_ENABLE_MODULES = YES;
				CURRENT_PROJECT_VERSION = 1;
				INFOPLIST_FILE = PAHMobileClient/Info.plist;
				LD_RUNPATH_SEARCH_PATHS = (
					"$(inherited)",
					"@executable_path/Frameworks",
				);
				MARKETING_VERSION = 1.0;
				OTHER_LDFLAGS = (
					"$(inherited)",
					"-ObjC",
					"-lc++",
				);
				PRODUCT_BUNDLE_IDENTIFIER = "org.reactjs.native.example.$(PRODUCT_NAME:rfc1034identifier)";
				PRODUCT_NAME = PAHMobileClient;
				SWIFT_VERSION = 5.0;
				VERSIONING_SYSTEM = "apple-generic";
			};
			name = Release;
		};
		83CBBA201A601CBA00E9B192 /* Debug */ = {
			isa = XCBuildConfiguration;
			buildSettings = {
				ALWAYS_SEARCH_USER_PATHS = NO;
				CLANG_ANALYZER_LOCALIZABILITY_NONLOCALIZED = YES;
				CLANG_CXX_LANGUAGE_STANDARD = "c++17";
				CLANG_CXX_LIBRARY = "libc++";
				CLANG_ENABLE_MODULES = YES;
				CLANG_ENABLE_OBJC_ARC = YES;
				CLANG_WARN_BLOCK_CAPTURE_AUTORELEASING = YES;
				CLANG_WARN_BOOL_CONVERSION = YES;
				CLANG_WARN_COMMA = YES;
				CLANG_WARN_CONSTANT_CONVERSION = YES;
				CLANG_WARN_DEPRECATED_OBJC_IMPLEMENTATIONS = YES;
				CLANG_WARN_DIRECT_OBJC_ISA_USAGE = YES_ERROR;
				CLANG_WARN_EMPTY_BODY = YES;
				CLANG_WARN_ENUM_CONVERSION = YES;
				CLANG_WARN_INFINITE_RECURSION = YES;
				CLANG_WARN_INT_CONVERSION = YES;
				CLANG_WARN_NON_LITERAL_NULL_CONVERSION = YES;
				CLANG_WARN_OBJC_IMPLICIT_RETAIN_SELF = YES;
				CLANG_WARN_OBJC_LITERAL_CONVERSION = YES;
				CLANG_WARN_OBJC_ROOT_CLASS = YES_ERROR;
				CLANG_WARN_QUOTED_INCLUDE_IN_FRAMEWORK_HEADER = YES;
				CLANG_WARN_RANGE_LOOP_ANALYSIS = YES;
				CLANG_WARN_STRICT_PROTOTYPES = YES;
				CLANG_WARN_SUSPICIOUS_MOVE = YES;
				CLANG_WARN_UNREACHABLE_CODE = YES;
				CLANG_WARN__DUPLICATE_METHOD_MATCH = YES;
				"CODE_SIGN_IDENTITY[sdk=iphoneos*]" = "iPhone Developer";
				COPY_PHASE_STRIP = NO;
				ENABLE_STRICT_OBJC_MSGSEND = YES;
				ENABLE_TESTABILITY = YES;
				"EXCLUDED_ARCHS[sdk=iphonesimulator*]" = "";
				GCC_C_LANGUAGE_STANDARD = gnu99;
				GCC_DYNAMIC_NO_PIC = NO;
				GCC_NO_COMMON_BLOCKS = YES;
				GCC_OPTIMIZATION_LEVEL = 0;
				GCC_PREPROCESSOR_DEFINITIONS = (
					"DEBUG=1",
					"$(inherited)",
				);
				GCC_SYMBOLS_PRIVATE_EXTERN = NO;
				GCC_WARN_64_TO_32_BIT_CONVERSION = YES;
				GCC_WARN_ABOUT_RETURN_TYPE = YES_ERROR;
				GCC_WARN_UNDECLARED_SELECTOR = YES;
				GCC_WARN_UNINITIALIZED_AUTOS = YES_AGGRESSIVE;
				GCC_WARN_UNUSED_FUNCTION = YES;
				GCC_WARN_UNUSED_VARIABLE = YES;
				IPHONEOS_DEPLOYMENT_TARGET = 12.4;
				LD_RUNPATH_SEARCH_PATHS = (
					/usr/lib/swift,
					"$(inherited)",
				);
				LIBRARY_SEARCH_PATHS = (
					"\"$(SDKROOT)/usr/lib/swift\"",
					"\"$(TOOLCHAIN_DIR)/usr/lib/swift/$(PLATFORM_NAME)\"",
					"\"$(inherited)\"",
				);
				MTL_ENABLE_DEBUG_INFO = YES;
				ONLY_ACTIVE_ARCH = YES;
				OTHER_CPLUSPLUSFLAGS = (
					"$(OTHER_CFLAGS)",
					"-DFOLLY_NO_CONFIG",
					"-DFOLLY_MOBILE=1",
					"-DFOLLY_USE_LIBCPP=1",
				);
				SDKROOT = iphoneos;
			};
			name = Debug;
		};
		83CBBA211A601CBA00E9B192 /* Release */ = {
			isa = XCBuildConfiguration;
			buildSettings = {
				ALWAYS_SEARCH_USER_PATHS = NO;
				CLANG_ANALYZER_LOCALIZABILITY_NONLOCALIZED = YES;
				CLANG_CXX_LANGUAGE_STANDARD = "c++17";
				CLANG_CXX_LIBRARY = "libc++";
				CLANG_ENABLE_MODULES = YES;
				CLANG_ENABLE_OBJC_ARC = YES;
				CLANG_WARN_BLOCK_CAPTURE_AUTORELEASING = YES;
				CLANG_WARN_BOOL_CONVERSION = YES;
				CLANG_WARN_COMMA = YES;
				CLANG_WARN_CONSTANT_CONVERSION = YES;
				CLANG_WARN_DEPRECATED_OBJC_IMPLEMENTATIONS = YES;
				CLANG_WARN_DIRECT_OBJC_ISA_USAGE = YES_ERROR;
				CLANG_WARN_EMPTY_BODY = YES;
				CLANG_WARN_ENUM_CONVERSION = YES;
				CLANG_WARN_INFINITE_RECURSION = YES;
				CLANG_WARN_INT_CONVERSION = YES;
				CLANG_WARN_NON_LITERAL_NULL_CONVERSION = YES;
				CLANG_WARN_OBJC_IMPLICIT_RETAIN_SELF = YES;
				CLANG_WARN_OBJC_LITERAL_CONVERSION = YES;
				CLANG_WARN_OBJC_ROOT_CLASS = YES_ERROR;
				CLANG_WARN_QUOTED_INCLUDE_IN_FRAMEWORK_HEADER = YES;
				CLANG_WARN_RANGE_LOOP_ANALYSIS = YES;
				CLANG_WARN_STRICT_PROTOTYPES = YES;
				CLANG_WARN_SUSPICIOUS_MOVE = YES;
				CLANG_WARN_UNREACHABLE_CODE = YES;
				CLANG_WARN__DUPLICATE_METHOD_MATCH = YES;
				"CODE_SIGN_IDENTITY[sdk=iphoneos*]" = "iPhone Developer";
				COPY_PHASE_STRIP = YES;
				ENABLE_NS_ASSERTIONS = NO;
				ENABLE_STRICT_OBJC_MSGSEND = YES;
				"EXCLUDED_ARCHS[sdk=iphonesimulator*]" = "";
				GCC_C_LANGUAGE_STANDARD = gnu99;
				GCC_NO_COMMON_BLOCKS = YES;
				GCC_WARN_64_TO_32_BIT_CONVERSION = YES;
				GCC_WARN_ABOUT_RETURN_TYPE = YES_ERROR;
				GCC_WARN_UNDECLARED_SELECTOR = YES;
				GCC_WARN_UNINITIALIZED_AUTOS = YES_AGGRESSIVE;
				GCC_WARN_UNUSED_FUNCTION = YES;
				GCC_WARN_UNUSED_VARIABLE = YES;
				IPHONEOS_DEPLOYMENT_TARGET = 12.4;
				LD_RUNPATH_SEARCH_PATHS = (
					/usr/lib/swift,
					"$(inherited)",
				);
				LIBRARY_SEARCH_PATHS = (
					"\"$(SDKROOT)/usr/lib/swift\"",
					"\"$(TOOLCHAIN_DIR)/usr/lib/swift/$(PLATFORM_NAME)\"",
					"\"$(inherited)\"",
				);
				MTL_ENABLE_DEBUG_INFO = NO;
				OTHER_CPLUSPLUSFLAGS = (
					"$(OTHER_CFLAGS)",
					"-DFOLLY_NO_CONFIG",
					"-DFOLLY_MOBILE=1",
					"-DFOLLY_USE_LIBCPP=1",
				);
				SDKROOT = iphoneos;
				VALIDATE_PRODUCT = YES;
			};
			name = Release;
		};
/* End XCBuildConfiguration section */

/* Begin XCConfigurationList section */
		00E357021AD99517003FC87E /* Build configuration list for PBXNativeTarget "PAHMobileClientTests" */ = {
			isa = XCConfigurationList;
			buildConfigurations = (
				00E356F61AD99517003FC87E /* Debug */,
				00E356F71AD99517003FC87E /* Release */,
			);
			defaultConfigurationIsVisible = 0;
			defaultConfigurationName = Release;
		};
		13B07F931A680F5B00A75B9A /* Build configuration list for PBXNativeTarget "PAHMobileClient" */ = {
			isa = XCConfigurationList;
			buildConfigurations = (
				13B07F941A680F5B00A75B9A /* Debug */,
				13B07F951A680F5B00A75B9A /* Release */,
			);
			defaultConfigurationIsVisible = 0;
			defaultConfigurationName = Release;
		};
		83CBB9FA1A601CBA00E9B192 /* Build configuration list for PBXProject "PAHMobileClient" */ = {
			isa = XCConfigurationList;
			buildConfigurations = (
				83CBBA201A601CBA00E9B192 /* Debug */,
				83CBBA211A601CBA00E9B192 /* Release */,
			);
			defaultConfigurationIsVisible = 0;
			defaultConfigurationName = Release;
		};
/* End XCConfigurationList section */
	};
	rootObject = 83CBB9F71A601CBA00E9B192 /* Project object */;
}
